// !$*UTF8*$!
{
	archiveVersion = 1;
	classes = {
	};
	objectVersion = 46;
	objects = {

/* Begin PBXBuildFile section */
		C517E3801BBE289600DF853F /* Main.storyboard in Resources */ = {isa = PBXBuildFile; fileRef = C517E37F1BBE289600DF853F /* Main.storyboard */; settings = {ASSET_TAGS = (); }; };
		C52402E31BCB743400FB0436 /* libWeChatSDK.a in Frameworks */ = {isa = PBXBuildFile; fileRef = C54A27271BC0FA5A00CA4876 /* libWeChatSDK.a */; settings = {ASSET_TAGS = (); }; };
		C52402E51BCB94B000FB0436 /* icon.png in Resources */ = {isa = PBXBuildFile; fileRef = C52402E41BCB94B000FB0436 /* icon.png */; settings = {ASSET_TAGS = (); }; };
		C54A27111BC01D8F00CA4876 /* sound.m4a in Resources */ = {isa = PBXBuildFile; fileRef = C54A27101BC01D8F00CA4876 /* sound.m4a */; settings = {ASSET_TAGS = (); }; };
		C54A27221BC037DA00CA4876 /* music3.m4a in Resources */ = {isa = PBXBuildFile; fileRef = C54A271E1BC037DA00CA4876 /* music3.m4a */; settings = {ASSET_TAGS = (); }; };
		C54A27231BC037DA00CA4876 /* music4.m4a in Resources */ = {isa = PBXBuildFile; fileRef = C54A271F1BC037DA00CA4876 /* music4.m4a */; settings = {ASSET_TAGS = (); }; };
		C54A27241BC037DA00CA4876 /* music5.m4a in Resources */ = {isa = PBXBuildFile; fileRef = C54A27201BC037DA00CA4876 /* music5.m4a */; settings = {ASSET_TAGS = (); }; };
		C54A27251BC037DA00CA4876 /* music6.m4a in Resources */ = {isa = PBXBuildFile; fileRef = C54A27211BC037DA00CA4876 /* music6.m4a */; settings = {ASSET_TAGS = (); }; };
		C54A272F1BC1017A00CA4876 /* SystemConfiguration.framework in Frameworks */ = {isa = PBXBuildFile; fileRef = C54A272E1BC1017A00CA4876 /* SystemConfiguration.framework */; };
		C54A27311BC101C200CA4876 /* libsqlite3.tbd in Frameworks */ = {isa = PBXBuildFile; fileRef = C54A27301BC101C200CA4876 /* libsqlite3.tbd */; settings = {ATTRIBUTES = (Required, ); }; };
		C54A27351BC101D900CA4876 /* libz.tbd in Frameworks */ = {isa = PBXBuildFile; fileRef = C54A27341BC101D900CA4876 /* libz.tbd */; };
		C54A27381BC1080600CA4876 /* CoreTelephony.framework in Frameworks */ = {isa = PBXBuildFile; fileRef = C54A27371BC1080600CA4876 /* CoreTelephony.framework */; };
		C5732D8A1B91FE13004A10FC /* MacBlock.m in Sources */ = {isa = PBXBuildFile; fileRef = C5732D891B91FE13004A10FC /* MacBlock.m */; };
		C57E372E1BB4402E00054430 /* MainViewController.m in Sources */ = {isa = PBXBuildFile; fileRef = C57E372C1BB43E5800054430 /* MainViewController.m */; settings = {ASSET_TAGS = (); }; };
		C58517351BA81A6800361CDD /* main.m in Sources */ = {isa = PBXBuildFile; fileRef = C58517341BA81A6800361CDD /* main.m */; };
		C58517381BA81A6800361CDD /* AppDelegate.m in Sources */ = {isa = PBXBuildFile; fileRef = C58517371BA81A6800361CDD /* AppDelegate.m */; };
		C58517401BA81A6800361CDD /* Images.xcassets in Resources */ = {isa = PBXBuildFile; fileRef = C585173F1BA81A6800361CDD /* Images.xcassets */; };
		C58517431BA81A6800361CDD /* LaunchScreen.xib in Resources */ = {isa = PBXBuildFile; fileRef = C58517411BA81A6800361CDD /* LaunchScreen.xib */; };
		C58517571BA81A7900361CDD /* GameData.m in Sources */ = {isa = PBXBuildFile; fileRef = C5BEBED91B8DADA00068268F /* GameData.m */; };
		C58517611BA86CCD00361CDD /* BlockAreaView.m in Sources */ = {isa = PBXBuildFile; fileRef = C58517601BA86CCD00361CDD /* BlockAreaView.m */; };
		C595E73B1BBE3B2200F369D0 /* MenuViewController.m in Sources */ = {isa = PBXBuildFile; fileRef = C595E73A1BBE3B2200F369D0 /* MenuViewController.m */; settings = {ASSET_TAGS = (); }; };
		C595E73E1BBE7E1700F369D0 /* OptionViewController.m in Sources */ = {isa = PBXBuildFile; fileRef = C595E73D1BBE7E1700F369D0 /* OptionViewController.m */; settings = {ASSET_TAGS = (); }; };
		C5BEBEB91B8DAD5A0068268F /* MacAppDelegate.m in Sources */ = {isa = PBXBuildFile; fileRef = C5BEBEB81B8DAD5A0068268F /* MacAppDelegate.m */; };
		C5BEBEBB1B8DAD5A0068268F /* main.m in Sources */ = {isa = PBXBuildFile; fileRef = C5BEBEBA1B8DAD5A0068268F /* main.m */; };
		C5BEBEBD1B8DAD5A0068268F /* Images.xcassets in Resources */ = {isa = PBXBuildFile; fileRef = C5BEBEBC1B8DAD5A0068268F /* Images.xcassets */; };
		C5BEBEC01B8DAD5A0068268F /* MainMenu.xib in Resources */ = {isa = PBXBuildFile; fileRef = C5BEBEBE1B8DAD5A0068268F /* MainMenu.xib */; };
		C5BEBEDA1B8DADA00068268F /* GameData.m in Sources */ = {isa = PBXBuildFile; fileRef = C5BEBED91B8DADA00068268F /* GameData.m */; };
		C5BEBEDD1B8DADB40068268F /* MacGameView.m in Sources */ = {isa = PBXBuildFile; fileRef = C5BEBEDC1B8DADB40068268F /* MacGameView.m */; };
		C5BEBEDF1B8E94650068268F /* MacInterfaceControl.m in Sources */ = {isa = PBXBuildFile; fileRef = C5BEBEDE1B8E94650068268F /* MacInterfaceControl.m */; };
		C5F545901BC1290A007C0091 /* libc++.tbd in Frameworks */ = {isa = PBXBuildFile; fileRef = C54A27321BC101D000CA4876 /* libc++.tbd */; };
/* End PBXBuildFile section */

/* Begin PBXFileReference section */
		C517E37F1BBE289600DF853F /* Main.storyboard */ = {isa = PBXFileReference; fileEncoding = 4; lastKnownFileType = file.storyboard; path = Main.storyboard; sourceTree = "<group>"; };
		C52402E41BCB94B000FB0436 /* icon.png */ = {isa = PBXFileReference; lastKnownFileType = image.png; path = icon.png; sourceTree = "<group>"; };
		C54A27101BC01D8F00CA4876 /* sound.m4a */ = {isa = PBXFileReference; lastKnownFileType = file; path = sound.m4a; sourceTree = "<group>"; };
		C54A271E1BC037DA00CA4876 /* music3.m4a */ = {isa = PBXFileReference; lastKnownFileType = file; path = music3.m4a; sourceTree = "<group>"; };
		C54A271F1BC037DA00CA4876 /* music4.m4a */ = {isa = PBXFileReference; lastKnownFileType = file; path = music4.m4a; sourceTree = "<group>"; };
		C54A27201BC037DA00CA4876 /* music5.m4a */ = {isa = PBXFileReference; lastKnownFileType = file; path = music5.m4a; sourceTree = "<group>"; };
		C54A27211BC037DA00CA4876 /* music6.m4a */ = {isa = PBXFileReference; lastKnownFileType = file; path = music6.m4a; sourceTree = "<group>"; };
		C54A27271BC0FA5A00CA4876 /* libWeChatSDK.a */ = {isa = PBXFileReference; lastKnownFileType = archive.ar; name = libWeChatSDK.a; path = WeiXinApi/libWeChatSDK.a; sourceTree = "<group>"; };
		C54A27291BC0FA5A00CA4876 /* WXApi.h */ = {isa = PBXFileReference; fileEncoding = 4; lastKnownFileType = sourcecode.c.h; name = WXApi.h; path = WeiXinApi/WXApi.h; sourceTree = "<group>"; };
		C54A272A1BC0FA5A00CA4876 /* WXApiObject.h */ = {isa = PBXFileReference; fileEncoding = 4; lastKnownFileType = sourcecode.c.h; name = WXApiObject.h; path = WeiXinApi/WXApiObject.h; sourceTree = "<group>"; };
		C54A272E1BC1017A00CA4876 /* SystemConfiguration.framework */ = {isa = PBXFileReference; lastKnownFileType = wrapper.framework; name = SystemConfiguration.framework; path = Platforms/iPhoneOS.platform/Developer/SDKs/iPhoneOS9.0.sdk/System/Library/Frameworks/SystemConfiguration.framework; sourceTree = DEVELOPER_DIR; };
		C54A27301BC101C200CA4876 /* libsqlite3.tbd */ = {isa = PBXFileReference; lastKnownFileType = "sourcecode.text-based-dylib-definition"; name = libsqlite3.tbd; path = Platforms/iPhoneOS.platform/Developer/SDKs/iPhoneOS9.0.sdk/usr/lib/libsqlite3.tbd; sourceTree = DEVELOPER_DIR; };
		C54A27321BC101D000CA4876 /* libc++.tbd */ = {isa = PBXFileReference; lastKnownFileType = "sourcecode.text-based-dylib-definition"; name = "libc++.tbd"; path = "Platforms/iPhoneOS.platform/Developer/SDKs/iPhoneOS9.0.sdk/usr/lib/libc++.tbd"; sourceTree = DEVELOPER_DIR; };
		C54A27341BC101D900CA4876 /* libz.tbd */ = {isa = PBXFileReference; lastKnownFileType = "sourcecode.text-based-dylib-definition"; name = libz.tbd; path = Platforms/iPhoneOS.platform/Developer/SDKs/iPhoneOS9.0.sdk/usr/lib/libz.tbd; sourceTree = DEVELOPER_DIR; };
		C54A27371BC1080600CA4876 /* CoreTelephony.framework */ = {isa = PBXFileReference; lastKnownFileType = wrapper.framework; name = CoreTelephony.framework; path = Platforms/iPhoneOS.platform/Developer/SDKs/iPhoneOS9.0.sdk/System/Library/Frameworks/CoreTelephony.framework; sourceTree = DEVELOPER_DIR; };
		C5732D881B91FE13004A10FC /* MacBlock.h */ = {isa = PBXFileReference; fileEncoding = 4; lastKnownFileType = sourcecode.c.h; path = MacBlock.h; sourceTree = "<group>"; };
		C5732D891B91FE13004A10FC /* MacBlock.m */ = {isa = PBXFileReference; fileEncoding = 4; lastKnownFileType = sourcecode.c.objc; path = MacBlock.m; sourceTree = "<group>"; };
		C57E372B1BB43E5800054430 /* MainViewController.h */ = {isa = PBXFileReference; fileEncoding = 4; lastKnownFileType = sourcecode.c.h; path = MainViewController.h; sourceTree = "<group>"; };
		C57E372C1BB43E5800054430 /* MainViewController.m */ = {isa = PBXFileReference; fileEncoding = 4; lastKnownFileType = sourcecode.c.objc; path = MainViewController.m; sourceTree = "<group>"; };
		C58517301BA81A6800361CDD /* MJ2048.app */ = {isa = PBXFileReference; explicitFileType = wrapper.application; includeInIndex = 0; path = MJ2048.app; sourceTree = BUILT_PRODUCTS_DIR; };
		C58517331BA81A6800361CDD /* Info.plist */ = {isa = PBXFileReference; lastKnownFileType = text.plist.xml; path = Info.plist; sourceTree = "<group>"; };
		C58517341BA81A6800361CDD /* main.m */ = {isa = PBXFileReference; lastKnownFileType = sourcecode.c.objc; path = main.m; sourceTree = "<group>"; };
		C58517361BA81A6800361CDD /* AppDelegate.h */ = {isa = PBXFileReference; lastKnownFileType = sourcecode.c.h; path = AppDelegate.h; sourceTree = "<group>"; };
		C58517371BA81A6800361CDD /* AppDelegate.m */ = {isa = PBXFileReference; lastKnownFileType = sourcecode.c.objc; path = AppDelegate.m; sourceTree = "<group>"; };
		C585173F1BA81A6800361CDD /* Images.xcassets */ = {isa = PBXFileReference; lastKnownFileType = folder.assetcatalog; path = Images.xcassets; sourceTree = "<group>"; };
		C58517421BA81A6800361CDD /* Base */ = {isa = PBXFileReference; lastKnownFileType = file.xib; name = Base; path = Base.lproj/LaunchScreen.xib; sourceTree = "<group>"; };
		C585175F1BA86CCD00361CDD /* BlockAreaView.h */ = {isa = PBXFileReference; fileEncoding = 4; lastKnownFileType = sourcecode.c.h; path = BlockAreaView.h; sourceTree = "<group>"; };
		C58517601BA86CCD00361CDD /* BlockAreaView.m */ = {isa = PBXFileReference; fileEncoding = 4; lastKnownFileType = sourcecode.c.objc; path = BlockAreaView.m; sourceTree = "<group>"; };
		C595E7391BBE3B2200F369D0 /* MenuViewController.h */ = {isa = PBXFileReference; fileEncoding = 4; lastKnownFileType = sourcecode.c.h; path = MenuViewController.h; sourceTree = "<group>"; };
		C595E73A1BBE3B2200F369D0 /* MenuViewController.m */ = {isa = PBXFileReference; fileEncoding = 4; lastKnownFileType = sourcecode.c.objc; path = MenuViewController.m; sourceTree = "<group>"; };
		C595E73C1BBE7E1700F369D0 /* OptionViewController.h */ = {isa = PBXFileReference; fileEncoding = 4; lastKnownFileType = sourcecode.c.h; path = OptionViewController.h; sourceTree = "<group>"; };
		C595E73D1BBE7E1700F369D0 /* OptionViewController.m */ = {isa = PBXFileReference; fileEncoding = 4; lastKnownFileType = sourcecode.c.objc; path = OptionViewController.m; sourceTree = "<group>"; };
		C5BEBEB21B8DAD5A0068268F /* 2048.app */ = {isa = PBXFileReference; explicitFileType = wrapper.application; includeInIndex = 0; path = 2048.app; sourceTree = BUILT_PRODUCTS_DIR; };
		C5BEBEB61B8DAD5A0068268F /* Info.plist */ = {isa = PBXFileReference; lastKnownFileType = text.plist.xml; path = Info.plist; sourceTree = "<group>"; };
		C5BEBEB71B8DAD5A0068268F /* MacAppDelegate.h */ = {isa = PBXFileReference; lastKnownFileType = sourcecode.c.h; path = MacAppDelegate.h; sourceTree = "<group>"; };
		C5BEBEB81B8DAD5A0068268F /* MacAppDelegate.m */ = {isa = PBXFileReference; lastKnownFileType = sourcecode.c.objc; path = MacAppDelegate.m; sourceTree = "<group>"; };
		C5BEBEBA1B8DAD5A0068268F /* main.m */ = {isa = PBXFileReference; lastKnownFileType = sourcecode.c.objc; path = main.m; sourceTree = "<group>"; };
		C5BEBEBC1B8DAD5A0068268F /* Images.xcassets */ = {isa = PBXFileReference; lastKnownFileType = folder.assetcatalog; path = Images.xcassets; sourceTree = "<group>"; };
		C5BEBEBF1B8DAD5A0068268F /* Base */ = {isa = PBXFileReference; lastKnownFileType = file.xib; name = Base; path = Base.lproj/MainMenu.xib; sourceTree = "<group>"; };
		C5BEBED51B8DAD8F0068268F /* MacInterfaceControl.h */ = {isa = PBXFileReference; fileEncoding = 4; lastKnownFileType = sourcecode.c.h; path = MacInterfaceControl.h; sourceTree = "<group>"; };
		C5BEBED81B8DADA00068268F /* GameData.h */ = {isa = PBXFileReference; fileEncoding = 4; lastKnownFileType = sourcecode.c.h; path = GameData.h; sourceTree = "<group>"; };
		C5BEBED91B8DADA00068268F /* GameData.m */ = {isa = PBXFileReference; fileEncoding = 4; lastKnownFileType = sourcecode.c.objc; lineEnding = 0; path = GameData.m; sourceTree = "<group>"; xcLanguageSpecificationIdentifier = xcode.lang.objc; };
		C5BEBEDB1B8DADB40068268F /* MacGameView.h */ = {isa = PBXFileReference; fileEncoding = 4; lastKnownFileType = sourcecode.c.h; path = MacGameView.h; sourceTree = "<group>"; };
		C5BEBEDC1B8DADB40068268F /* MacGameView.m */ = {isa = PBXFileReference; fileEncoding = 4; lastKnownFileType = sourcecode.c.objc; path = MacGameView.m; sourceTree = "<group>"; };
		C5BEBEDE1B8E94650068268F /* MacInterfaceControl.m */ = {isa = PBXFileReference; fileEncoding = 4; lastKnownFileType = sourcecode.c.objc; path = MacInterfaceControl.m; sourceTree = "<group>"; };
/* End PBXFileReference section */

/* Begin PBXFrameworksBuildPhase section */
		C585172D1BA81A6800361CDD /* Frameworks */ = {
			isa = PBXFrameworksBuildPhase;
			buildActionMask = 2147483647;
			files = (
				C5F545901BC1290A007C0091 /* libc++.tbd in Frameworks */,
				C54A27351BC101D900CA4876 /* libz.tbd in Frameworks */,
				C52402E31BCB743400FB0436 /* libWeChatSDK.a in Frameworks */,
				C54A27311BC101C200CA4876 /* libsqlite3.tbd in Frameworks */,
				C54A272F1BC1017A00CA4876 /* SystemConfiguration.framework in Frameworks */,
				C54A27381BC1080600CA4876 /* CoreTelephony.framework in Frameworks */,
			);
			runOnlyForDeploymentPostprocessing = 0;
		};
		C5BEBEAF1B8DAD5A0068268F /* Frameworks */ = {
			isa = PBXFrameworksBuildPhase;
			buildActionMask = 2147483647;
			files = (
			);
			runOnlyForDeploymentPostprocessing = 0;
		};
/* End PBXFrameworksBuildPhase section */

/* Begin PBXGroup section */
		C54A27261BC0FA3200CA4876 /* WeiXinApi */ = {
			isa = PBXGroup;
			children = (
				C54A27271BC0FA5A00CA4876 /* libWeChatSDK.a */,
				C54A27291BC0FA5A00CA4876 /* WXApi.h */,
				C54A272A1BC0FA5A00CA4876 /* WXApiObject.h */,
			);
			name = WeiXinApi;
			sourceTree = "<group>";
		};
		C54A27361BC1021E00CA4876 /* Frameworks */ = {
			isa = PBXGroup;
			children = (
				C54A272E1BC1017A00CA4876 /* SystemConfiguration.framework */,
				C54A27371BC1080600CA4876 /* CoreTelephony.framework */,
				C54A27341BC101D900CA4876 /* libz.tbd */,
				C54A27321BC101D000CA4876 /* libc++.tbd */,
				C54A27301BC101C200CA4876 /* libsqlite3.tbd */,
			);
			name = Frameworks;
			sourceTree = "<group>";
		};
		C58517311BA81A6800361CDD /* MJ2048-iOS */ = {
			isa = PBXGroup;
			children = (
				C58517361BA81A6800361CDD /* AppDelegate.h */,
				C58517371BA81A6800361CDD /* AppDelegate.m */,
				C595E7391BBE3B2200F369D0 /* MenuViewController.h */,
				C595E73A1BBE3B2200F369D0 /* MenuViewController.m */,
				C595E73C1BBE7E1700F369D0 /* OptionViewController.h */,
				C595E73D1BBE7E1700F369D0 /* OptionViewController.m */,
				C57E372B1BB43E5800054430 /* MainViewController.h */,
				C57E372C1BB43E5800054430 /* MainViewController.m */,
				C585175F1BA86CCD00361CDD /* BlockAreaView.h */,
				C58517601BA86CCD00361CDD /* BlockAreaView.m */,
				C517E37F1BBE289600DF853F /* Main.storyboard */,
				C585173F1BA81A6800361CDD /* Images.xcassets */,
				C58517411BA81A6800361CDD /* LaunchScreen.xib */,
				C58517321BA81A6800361CDD /* Supporting Files */,
			);
			path = "MJ2048-iOS";
			sourceTree = "<group>";
		};
		C58517321BA81A6800361CDD /* Supporting Files */ = {
			isa = PBXGroup;
			children = (
				C52402E41BCB94B000FB0436 /* icon.png */,
				C54A27101BC01D8F00CA4876 /* sound.m4a */,
				C54A271E1BC037DA00CA4876 /* music3.m4a */,
				C54A271F1BC037DA00CA4876 /* music4.m4a */,
				C54A27201BC037DA00CA4876 /* music5.m4a */,
				C54A27211BC037DA00CA4876 /* music6.m4a */,
				C58517331BA81A6800361CDD /* Info.plist */,
				C58517341BA81A6800361CDD /* main.m */,
			);
			name = "Supporting Files";
			sourceTree = "<group>";
		};
		C5BEBEA91B8DAD5A0068268F = {
			isa = PBXGroup;
			children = (
				C5BEBEB41B8DAD5A0068268F /* MJ2048-Mac */,
				C58517311BA81A6800361CDD /* MJ2048-iOS */,
				C54A27261BC0FA3200CA4876 /* WeiXinApi */,
				C54A27361BC1021E00CA4876 /* Frameworks */,
				C5BEBEB31B8DAD5A0068268F /* Products */,
			);
			sourceTree = "<group>";
		};
		C5BEBEB31B8DAD5A0068268F /* Products */ = {
			isa = PBXGroup;
			children = (
				C5BEBEB21B8DAD5A0068268F /* 2048.app */,
				C58517301BA81A6800361CDD /* MJ2048.app */,
			);
			name = Products;
			sourceTree = "<group>";
		};
		C5BEBEB41B8DAD5A0068268F /* MJ2048-Mac */ = {
			isa = PBXGroup;
			children = (
				C5BEBEB71B8DAD5A0068268F /* MacAppDelegate.h */,
				C5BEBEB81B8DAD5A0068268F /* MacAppDelegate.m */,
				C5BEBED51B8DAD8F0068268F /* MacInterfaceControl.h */,
				C5BEBEDE1B8E94650068268F /* MacInterfaceControl.m */,
				C5BEBEDB1B8DADB40068268F /* MacGameView.h */,
				C5BEBEDC1B8DADB40068268F /* MacGameView.m */,
				C5732D881B91FE13004A10FC /* MacBlock.h */,
				C5732D891B91FE13004A10FC /* MacBlock.m */,
				C5BEBED81B8DADA00068268F /* GameData.h */,
				C5BEBED91B8DADA00068268F /* GameData.m */,
				C5BEBEBC1B8DAD5A0068268F /* Images.xcassets */,
				C5BEBEBE1B8DAD5A0068268F /* MainMenu.xib */,
				C5BEBEB51B8DAD5A0068268F /* Supporting Files */,
			);
			path = "MJ2048-Mac";
			sourceTree = "<group>";
		};
		C5BEBEB51B8DAD5A0068268F /* Supporting Files */ = {
			isa = PBXGroup;
			children = (
				C5BEBEB61B8DAD5A0068268F /* Info.plist */,
				C5BEBEBA1B8DAD5A0068268F /* main.m */,
			);
			name = "Supporting Files";
			sourceTree = "<group>";
		};
/* End PBXGroup section */

/* Begin PBXNativeTarget section */
		C585172F1BA81A6800361CDD /* MJ2048 */ = {
			isa = PBXNativeTarget;
			buildConfigurationList = C58517541BA81A6800361CDD /* Build configuration list for PBXNativeTarget "MJ2048" */;
			buildPhases = (
				C585172C1BA81A6800361CDD /* Sources */,
				C585172D1BA81A6800361CDD /* Frameworks */,
				C585172E1BA81A6800361CDD /* Resources */,
			);
			buildRules = (
			);
			dependencies = (
			);
			name = MJ2048;
			productName = "MJ2048-iOS";
			productReference = C58517301BA81A6800361CDD /* MJ2048.app */;
			productType = "com.apple.product-type.application";
		};
		C5BEBEB11B8DAD5A0068268F /* 2048 */ = {
			isa = PBXNativeTarget;
			buildConfigurationList = C5BEBECF1B8DAD5A0068268F /* Build configuration list for PBXNativeTarget "2048" */;
			buildPhases = (
				C5BEBEAE1B8DAD5A0068268F /* Sources */,
				C5BEBEAF1B8DAD5A0068268F /* Frameworks */,
				C5BEBEB01B8DAD5A0068268F /* Resources */,
			);
			buildRules = (
			);
			dependencies = (
			);
			name = 2048;
			productName = MJ2048;
			productReference = C5BEBEB21B8DAD5A0068268F /* 2048.app */;
			productType = "com.apple.product-type.application";
		};
/* End PBXNativeTarget section */

/* Begin PBXProject section */
		C5BEBEAA1B8DAD5A0068268F /* Project object */ = {
			isa = PBXProject;
			attributes = {
				LastUpgradeCheck = 0710;
				ORGANIZATIONNAME = MJsaka;
				TargetAttributes = {
					C585172F1BA81A6800361CDD = {
						CreatedOnToolsVersion = 6.4;
						DevelopmentTeam = B2M63JGV3N;
					};
					C5BEBEB11B8DAD5A0068268F = {
						CreatedOnToolsVersion = 6.4;
						DevelopmentTeam = B2M63JGV3N;
					};
				};
			};
			buildConfigurationList = C5BEBEAD1B8DAD5A0068268F /* Build configuration list for PBXProject "MJ2048" */;
			compatibilityVersion = "Xcode 3.2";
			developmentRegion = English;
			hasScannedForEncodings = 0;
			knownRegions = (
				en,
				Base,
			);
			mainGroup = C5BEBEA91B8DAD5A0068268F;
			productRefGroup = C5BEBEB31B8DAD5A0068268F /* Products */;
			projectDirPath = "";
			projectRoot = "";
			targets = (
				C5BEBEB11B8DAD5A0068268F /* 2048 */,
				C585172F1BA81A6800361CDD /* MJ2048 */,
			);
		};
/* End PBXProject section */

/* Begin PBXResourcesBuildPhase section */
		C585172E1BA81A6800361CDD /* Resources */ = {
			isa = PBXResourcesBuildPhase;
			buildActionMask = 2147483647;
			files = (
				C54A27241BC037DA00CA4876 /* music5.m4a in Resources */,
				C54A27251BC037DA00CA4876 /* music6.m4a in Resources */,
				C517E3801BBE289600DF853F /* Main.storyboard in Resources */,
				C58517431BA81A6800361CDD /* LaunchScreen.xib in Resources */,
				C54A27111BC01D8F00CA4876 /* sound.m4a in Resources */,
				C54A27231BC037DA00CA4876 /* music4.m4a in Resources */,
				C54A27221BC037DA00CA4876 /* music3.m4a in Resources */,
				C58517401BA81A6800361CDD /* Images.xcassets in Resources */,
				C52402E51BCB94B000FB0436 /* icon.png in Resources */,
			);
			runOnlyForDeploymentPostprocessing = 0;
		};
		C5BEBEB01B8DAD5A0068268F /* Resources */ = {
			isa = PBXResourcesBuildPhase;
			buildActionMask = 2147483647;
			files = (
				C5BEBEBD1B8DAD5A0068268F /* Images.xcassets in Resources */,
				C5BEBEC01B8DAD5A0068268F /* MainMenu.xib in Resources */,
			);
			runOnlyForDeploymentPostprocessing = 0;
		};
/* End PBXResourcesBuildPhase section */

/* Begin PBXSourcesBuildPhase section */
		C585172C1BA81A6800361CDD /* Sources */ = {
			isa = PBXSourcesBuildPhase;
			buildActionMask = 2147483647;
			files = (
				C595E73E1BBE7E1700F369D0 /* OptionViewController.m in Sources */,
				C58517571BA81A7900361CDD /* GameData.m in Sources */,
				C58517381BA81A6800361CDD /* AppDelegate.m in Sources */,
				C58517351BA81A6800361CDD /* main.m in Sources */,
				C58517611BA86CCD00361CDD /* BlockAreaView.m in Sources */,
				C595E73B1BBE3B2200F369D0 /* MenuViewController.m in Sources */,
				C57E372E1BB4402E00054430 /* MainViewController.m in Sources */,
			);
			runOnlyForDeploymentPostprocessing = 0;
		};
		C5BEBEAE1B8DAD5A0068268F /* Sources */ = {
			isa = PBXSourcesBuildPhase;
			buildActionMask = 2147483647;
			files = (
				C5732D8A1B91FE13004A10FC /* MacBlock.m in Sources */,
				C5BEBEBB1B8DAD5A0068268F /* main.m in Sources */,
				C5BEBEDD1B8DADB40068268F /* MacGameView.m in Sources */,
				C5BEBEDF1B8E94650068268F /* MacInterfaceControl.m in Sources */,
				C5BEBEDA1B8DADA00068268F /* GameData.m in Sources */,
				C5BEBEB91B8DAD5A0068268F /* MacAppDelegate.m in Sources */,
			);
			runOnlyForDeploymentPostprocessing = 0;
		};
/* End PBXSourcesBuildPhase section */

/* Begin PBXVariantGroup section */
		C58517411BA81A6800361CDD /* LaunchScreen.xib */ = {
			isa = PBXVariantGroup;
			children = (
				C58517421BA81A6800361CDD /* Base */,
			);
			name = LaunchScreen.xib;
			sourceTree = "<group>";
		};
		C5BEBEBE1B8DAD5A0068268F /* MainMenu.xib */ = {
			isa = PBXVariantGroup;
			children = (
				C5BEBEBF1B8DAD5A0068268F /* Base */,
			);
			name = MainMenu.xib;
			sourceTree = "<group>";
		};
/* End PBXVariantGroup section */

/* Begin XCBuildConfiguration section */
		C58517501BA81A6800361CDD /* Debug */ = {
			isa = XCBuildConfiguration;
			buildSettings = {
				ASSETCATALOG_COMPILER_APPICON_NAME = AppIcon;
				CODE_SIGN_IDENTITY = "iPhone Developer: mjsaka@qq.com (S93HCE34ZC)";
				"CODE_SIGN_IDENTITY[sdk=*]" = "iPhone Developer: mjsaka@qq.com (S93HCE34ZC)";
				"CODE_SIGN_IDENTITY[sdk=iphoneos*]" = "iPhone Developer: mjsaka@qq.com (S93HCE34ZC)";
				DEBUG_INFORMATION_FORMAT = "dwarf-with-dsym";
				GCC_PREPROCESSOR_DEFINITIONS = (
					"DEBUG=1",
					"$(inherited)",
				);
				INFOPLIST_FILE = "MJ2048-iOS/Info.plist";
				IPHONEOS_DEPLOYMENT_TARGET = 9.0;
				LD_RUNPATH_SEARCH_PATHS = "$(inherited) @executable_path/Frameworks";
				LIBRARY_SEARCH_PATHS = (
					"$(inherited)",
					"$(PROJECT_DIR)",
					"$(PROJECT_DIR)/WeiXinApi",
				);
				PRODUCT_BUNDLE_IDENTIFIER = MJsaka.MJ2048;
				PRODUCT_NAME = "$(TARGET_NAME)";
				PROVISIONING_PROFILE = "";
				SDKROOT = iphoneos;
			};
			name = Debug;
		};
		C58517511BA81A6800361CDD /* Release */ = {
			isa = XCBuildConfiguration;
			buildSettings = {
				ASSETCATALOG_COMPILER_APPICON_NAME = AppIcon;
				CODE_SIGN_IDENTITY = "iPhone Developer: mjsaka@qq.com (S93HCE34ZC)";
				"CODE_SIGN_IDENTITY[sdk=iphoneos*]" = "iPhone Developer: mjsaka@qq.com (S93HCE34ZC)";
				INFOPLIST_FILE = "MJ2048-iOS/Info.plist";
				IPHONEOS_DEPLOYMENT_TARGET = 9.0;
				LD_RUNPATH_SEARCH_PATHS = "$(inherited) @executable_path/Frameworks";
				LIBRARY_SEARCH_PATHS = (
					"$(inherited)",
					"$(PROJECT_DIR)",
					"$(PROJECT_DIR)/WeiXinApi",
				);
				PRODUCT_BUNDLE_IDENTIFIER = MJsaka.MJ2048;
				PRODUCT_NAME = "$(TARGET_NAME)";
				PROVISIONING_PROFILE = "";
				SDKROOT = iphoneos;
				VALIDATE_PRODUCT = YES;
			};
			name = Release;
		};
		C5BEBECD1B8DAD5A0068268F /* Debug */ = {
			isa = XCBuildConfiguration;
			buildSettings = {
				ALWAYS_SEARCH_USER_PATHS = NO;
				CLANG_CXX_LANGUAGE_STANDARD = "gnu++0x";
				CLANG_CXX_LIBRARY = "libc++";
				CLANG_ENABLE_MODULES = YES;
				CLANG_ENABLE_OBJC_ARC = YES;
				CLANG_WARN_BOOL_CONVERSION = YES;
				CLANG_WARN_CONSTANT_CONVERSION = YES;
				CLANG_WARN_DIRECT_OBJC_ISA_USAGE = YES_ERROR;
				CLANG_WARN_EMPTY_BODY = YES;
				CLANG_WARN_ENUM_CONVERSION = YES;
				CLANG_WARN_INT_CONVERSION = YES;
				CLANG_WARN_OBJC_ROOT_CLASS = YES_ERROR;
				CLANG_WARN_UNREACHABLE_CODE = YES;
				CLANG_WARN__DUPLICATE_METHOD_MATCH = YES;
				CODE_SIGN_IDENTITY = "iPhone Developer: mjsaka@qq.com (S93HCE34ZC)";
				COPY_PHASE_STRIP = NO;
				DEBUG_INFORMATION_FORMAT = dwarf;
				ENABLE_STRICT_OBJC_MSGSEND = YES;
				ENABLE_TESTABILITY = YES;
				GCC_C_LANGUAGE_STANDARD = gnu99;
				GCC_DYNAMIC_NO_PIC = NO;
				GCC_NO_COMMON_BLOCKS = YES;
				GCC_OPTIMIZATION_LEVEL = 0;
				GCC_PREPROCESSOR_DEFINITIONS = (
					"DEBUG=1",
					"$(inherited)",
				);
				GCC_SYMBOLS_PRIVATE_EXTERN = NO;
				GCC_WARN_64_TO_32_BIT_CONVERSION = YES;
				GCC_WARN_ABOUT_RETURN_TYPE = YES_ERROR;
				GCC_WARN_UNDECLARED_SELECTOR = YES;
				GCC_WARN_UNINITIALIZED_AUTOS = YES_AGGRESSIVE;
				GCC_WARN_UNUSED_FUNCTION = YES;
				GCC_WARN_UNUSED_VARIABLE = YES;
				IPHONEOS_DEPLOYMENT_TARGET = 8.4;
				MACOSX_DEPLOYMENT_TARGET = 10.10;
				MTL_ENABLE_DEBUG_INFO = YES;
				ONLY_ACTIVE_ARCH = YES;
				SDKROOT = macosx;
			};
			name = Debug;
		};
		C5BEBECE1B8DAD5A0068268F /* Release */ = {
			isa = XCBuildConfiguration;
			buildSettings = {
				ALWAYS_SEARCH_USER_PATHS = NO;
				CLANG_CXX_LANGUAGE_STANDARD = "gnu++0x";
				CLANG_CXX_LIBRARY = "libc++";
				CLANG_ENABLE_MODULES = YES;
				CLANG_ENABLE_OBJC_ARC = YES;
				CLANG_WARN_BOOL_CONVERSION = YES;
				CLANG_WARN_CONSTANT_CONVERSION = YES;
				CLANG_WARN_DIRECT_OBJC_ISA_USAGE = YES_ERROR;
				CLANG_WARN_EMPTY_BODY = YES;
				CLANG_WARN_ENUM_CONVERSION = YES;
				CLANG_WARN_INT_CONVERSION = YES;
				CLANG_WARN_OBJC_ROOT_CLASS = YES_ERROR;
				CLANG_WARN_UNREACHABLE_CODE = YES;
				CLANG_WARN__DUPLICATE_METHOD_MATCH = YES;
				CODE_SIGN_IDENTITY = "iPhone Developer: mjsaka@qq.com (S93HCE34ZC)";
				COPY_PHASE_STRIP = NO;
				DEBUG_INFORMATION_FORMAT = "dwarf-with-dsym";
				ENABLE_NS_ASSERTIONS = NO;
				ENABLE_STRICT_OBJC_MSGSEND = YES;
				GCC_C_LANGUAGE_STANDARD = gnu99;
				GCC_NO_COMMON_BLOCKS = YES;
				GCC_WARN_64_TO_32_BIT_CONVERSION = YES;
				GCC_WARN_ABOUT_RETURN_TYPE = YES_ERROR;
				GCC_WARN_UNDECLARED_SELECTOR = YES;
				GCC_WARN_UNINITIALIZED_AUTOS = YES_AGGRESSIVE;
				GCC_WARN_UNUSED_FUNCTION = YES;
				GCC_WARN_UNUSED_VARIABLE = YES;
				IPHONEOS_DEPLOYMENT_TARGET = 8.4;
				MACOSX_DEPLOYMENT_TARGET = 10.10;
				MTL_ENABLE_DEBUG_INFO = NO;
				SDKROOT = macosx;
			};
			name = Release;
		};
		C5BEBED01B8DAD5A0068268F /* Debug */ = {
			isa = XCBuildConfiguration;
			buildSettings = {
				ASSETCATALOG_COMPILER_APPICON_NAME = AppIcon;
				CODE_SIGN_IDENTITY = "";
				"CODE_SIGN_IDENTITY[sdk=*]" = "";
				COMBINE_HIDPI_IMAGES = YES;
				INFOPLIST_FILE = MJ2048/Info.plist;
				LD_RUNPATH_SEARCH_PATHS = "$(inherited) @executable_path/../Frameworks";
				PRODUCT_BUNDLE_IDENTIFIER = "MJsaka.$(PRODUCT_NAME:rfc1034identifier)";
				PRODUCT_NAME = "$(TARGET_NAME)";
				PROVISIONING_PROFILE = "";
				VALID_ARCHS = x86_64;
			};
			name = Debug;
		};
		C5BEBED11B8DAD5A0068268F /* Release */ = {
			isa = XCBuildConfiguration;
			buildSettings = {
				ASSETCATALOG_COMPILER_APPICON_NAME = AppIcon;
				CODE_SIGN_IDENTITY = "";
				"CODE_SIGN_IDENTITY[sdk=macosx*]" = "";
				COMBINE_HIDPI_IMAGES = YES;
				INFOPLIST_FILE = MJ2048/Info.plist;
				LD_RUNPATH_SEARCH_PATHS = "$(inherited) @executable_path/../Frameworks";
				PRODUCT_BUNDLE_IDENTIFIER = "MJsaka.$(PRODUCT_NAME:rfc1034identifier)";
				PRODUCT_NAME = "$(TARGET_NAME)";
				PROVISIONING_PROFILE = "";
				VALID_ARCHS = x86_64;
			};
			name = Release;
		};
/* End XCBuildConfiguration section */

/* Begin XCConfigurationList section */
		C58517541BA81A6800361CDD /* Build configuration list for PBXNativeTarget "MJ2048" */ = {
			isa = XCConfigurationList;
			buildConfigurations = (
				C58517501BA81A6800361CDD /* Debug */,
				C58517511BA81A6800361CDD /* Release */,
			);
			defaultConfigurationIsVisible = 0;
			defaultConfigurationName = Release;
		};
		C5BEBEAD1B8DAD5A0068268F /* Build configuration list for PBXProject "MJ2048" */ = {
			isa = XCConfigurationList;
			buildConfigurations = (
				C5BEBECD1B8DAD5A0068268F /* Debug */,
				C5BEBECE1B8DAD5A0068268F /* Release */,
			);
			defaultConfigurationIsVisible = 0;
			defaultConfigurationName = Release;
		};
		C5BEBECF1B8DAD5A0068268F /* Build configuration list for PBXNativeTarget "2048" */ = {
			isa = XCConfigurationList;
			buildConfigurations = (
				C5BEBED01B8DAD5A0068268F /* Debug */,
				C5BEBED11B8DAD5A0068268F /* Release */,
			);
			defaultConfigurationIsVisible = 0;
			defaultConfigurationName = Release;
		};
/* End XCConfigurationList section */
	};
	rootObject = C5BEBEAA1B8DAD5A0068268F /* Project object */;
}
